Microsoft Visual Studio Solution File, Format Version 12.00
# Visual Studio Version 17
VisualStudioVersion = 17.5.2.0
MinimumVisualStudioVersion = 10.0.40219.1
Project("{FAE04EC0-301F-11D3-BF4B-00C04F79EFBC}") = "StudentInfoSystem", "StudentInfoSystem.csproj", "{6CF0CA4F-8F29-DFFB-F519-27525A8F3E16}"
EndProject
Project("{FAE04EC0-301F-11D3-BF4B-00C04F79EFBC}") = "StudentInfoSystem.Tests", "StudentInfoSystem.Tests\StudentInfoSystem.Tests.csproj", "{9381B1D8-BF68-54E9-F617-C75FBD9E4E52}"
EndProject
Global
	GlobalSection(SolutionConfigurationPlatforms) = preSolution
		Debug|Any CPU = Debug|Any CPU
		Release|Any CPU = Release|Any CPU
	EndGlobalSection
	GlobalSection(ProjectConfigurationPlatforms) = postSolution
		{6CF0CA4F-8F29-DFFB-F519-27525A8F3E16}.Debug|Any CPU.ActiveCfg = Debug|Any CPU
		{6CF0CA4F-8F29-DFFB-F519-27525A8F3E16}.Debug|Any CPU.Build.0 = Debug|Any CPU
		{6CF0CA4F-8F29-DFFB-F519-27525A8F3E16}.Release|Any CPU.ActiveCfg = Release|Any CPU
		{6CF0CA4F-8F29-DFFB-F519-27525A8F3E16}.Release|Any CPU.Build.0 = Release|Any CPU
		{9381B1D8-BF68-54E9-F617-C75FBD9E4E52}.Debug|Any CPU.ActiveCfg = Debug|Any CPU
		{9381B1D8-BF68-54E9-F617-C75FBD9E4E52}.Debug|Any CPU.Build.0 = Debug|Any CPU
		{9381B1D8-BF68-54E9-F617-C75FBD9E4E52}.Release|Any CPU.ActiveCfg = Release|Any CPU
		{9381B1D8-BF68-54E9-F617-C75FBD9E4E52}.Release|Any CPU.Build.0 = Release|Any CPU
	EndGlobalSection
	GlobalSection(SolutionProperties) = preSolution
		HideSolutionNode = FALSE
	EndGlobalSection
	GlobalSection(ExtensibilityGlobals) = postSolution
		SolutionGuid = {1208CD09-9CDC-4A1E-8E5D-9522B4E5BEC3}
	EndGlobalSection
EndGlobal
